
Microsoft Visual Studio Solution File, Format Version 12.00
# Visual Studio Version 16
VisualStudioVersion = 16.0.28407.52
MinimumVisualStudioVersion = 10.0.40219.1
Project("{FAE04EC0-301F-11D3-BF4B-00C04F79EFBC}") = "Admin_project", "Admin_project.csproj", "{DDA68F2A-FDE9-477D-BB0A-91BB1B237888}"
EndProject
Global
	GlobalSection(SolutionConfigurationPlatforms) = preSolution
		Debug|Any CPU = Debug|Any CPU
		Release|Any CPU = Release|Any CPU
	EndGlobalSection
	GlobalSection(ProjectConfigurationPlatforms) = postSolution
		{DDA68F2A-FDE9-477D-BB0A-91BB1B237888}.Debug|Any CPU.ActiveCfg = Debug|Any CPU
		{DDA68F2A-FDE9-477D-BB0A-91BB1B237888}.Debug|Any CPU.Build.0 = Debug|Any CPU
		{DDA68F2A-FDE9-477D-BB0A-91BB1B237888}.Release|Any CPU.ActiveCfg = Release|Any CPU
		{DDA68F2A-FDE9-477D-BB0A-91BB1B237888}.Release|Any CPU.Build.0 = Release|Any CPU
	EndGlobalSection
	GlobalSection(SolutionProperties) = preSolution
		HideSolutionNode = FALSE
	EndGlobalSection
	GlobalSection(ExtensibilityGlobals) = postSolution
		SolutionGuid = {7AA557D9-38A8-470F-9C05-FCC46C8FA038}
	EndGlobalSection
EndGlobal
